
Microsoft Visual Studio Solution File, Format Version 12.00
# Visual Studio Version 16
VisualStudioVersion = 16.0.30320.27
MinimumVisualStudioVersion = 10.0.40219.1
Project("{888888A0-9F3D-457C-B088-3A5042F75D52}") = "OCAMC", "OCAMC.pyproj", "{DEB765ED-74B4-408B-9BA9-88D81D192E71}"
EndProject
Global
	GlobalSection(SolutionConfigurationPlatforms) = preSolution
		Debug|Any CPU = Debug|Any CPU
		Release|Any CPU = Release|Any CPU
	EndGlobalSection
	GlobalSection(ProjectConfigurationPlatforms) = postSolution
		{DEB765ED-74B4-408B-9BA9-88D81D192E71}.Debug|Any CPU.ActiveCfg = Debug|Any CPU
		{DEB765ED-74B4-408B-9BA9-88D81D192E71}.Release|Any CPU.ActiveCfg = Release|Any CPU
	EndGlobalSection
	GlobalSection(SolutionProperties) = preSolution
		HideSolutionNode = FALSE
	EndGlobalSection
	GlobalSection(ExtensibilityGlobals) = postSolution
		SolutionGuid = {9051FFC1-F940-45EA-9B11-DBA91FF4EF37}
	EndGlobalSection
EndGlobal
